// !$*UTF8*$!
{
	archiveVersion = 1;
	classes = {
	};
	objectVersion = 46;
	objects = {

/* Begin PBXBuildFile section */
		C6C4F92C1C56D14A00E00946 /* AppDelegate.swift in Sources */ = {isa = PBXBuildFile; fileRef = C6C4F92B1C56D14A00E00946 /* AppDelegate.swift */; };
		C6C4F92E1C56D14A00E00946 /* ViewController.swift in Sources */ = {isa = PBXBuildFile; fileRef = C6C4F92D1C56D14A00E00946 /* ViewController.swift */; };
		C6C4F9311C56D14A00E00946 /* Main.storyboard in Resources */ = {isa = PBXBuildFile; fileRef = C6C4F92F1C56D14A00E00946 /* Main.storyboard */; };
		C6C4F9331C56D14A00E00946 /* Assets.xcassets in Resources */ = {isa = PBXBuildFile; fileRef = C6C4F9321C56D14A00E00946 /* Assets.xcassets */; };
		C6C4F9361C56D14A00E00946 /* LaunchScreen.storyboard in Resources */ = {isa = PBXBuildFile; fileRef = C6C4F9341C56D14A00E00946 /* LaunchScreen.storyboard */; };
/* End PBXBuildFile section */

/* Begin PBXFileReference section */
		C6C4F9281C56D14A00E00946 /* Cinema.app */ = {isa = PBXFileReference; explicitFileType = wrapper.application; includeInIndex = 0; path = Cinema.app; sourceTree = BUILT_PRODUCTS_DIR; };
		C6C4F92B1C56D14A00E00946 /* AppDelegate.swift */ = {isa = PBXFileReference; lastKnownFileType = sourcecode.swift; path = AppDelegate.swift; sourceTree = "<group>"; };
		C6C4F92D1C56D14A00E00946 /* ViewController.swift */ = {isa = PBXFileReference; lastKnownFileType = sourcecode.swift; path = ViewController.swift; sourceTree = "<group>"; };
		C6C4F9301C56D14A00E00946 /* Base */ = {isa = PBXFileReference; lastKnownFileType = file.storyboard; name = Base; path = Base.lproj/Main.storyboard; sourceTree = "<group>"; };
		C6C4F9321C56D14A00E00946 /* Assets.xcassets */ = {isa = PBXFileReference; lastKnownFileType = folder.assetcatalog; path = Assets.xcassets; sourceTree = "<group>"; };
		C6C4F9351C56D14A00E00946 /* Base */ = {isa = PBXFileReference; lastKnownFileType = file.storyboard; name = Base; path = Base.lproj/LaunchScreen.storyboard; sourceTree = "<group>"; };
		C6C4F9371C56D14A00E00946 /* Info.plist */ = {isa = PBXFileReference; lastKnownFileType = text.plist.xml; path = Info.plist; sourceTree = "<group>"; };
/* End PBXFileReference section */

/* Begin PBXFrameworksBuildPhase section */
		C6C4F9251C56D14A00E00946 /* Frameworks */ = {
			isa = PBXFrameworksBuildPhase;
			buildActionMask = 2147483647;
			files = (
			);
			runOnlyForDeploymentPostprocessing = 0;
		};
/* End PBXFrameworksBuildPhase section */

/* Begin PBXGroup section */
		C6C4F91F1C56D14A00E00946 = {
			isa = PBXGroup;
			children = (
				C6C4F92A1C56D14A00E00946 /* Cinema */,
				C6C4F9291C56D14A00E00946 /* Products */,
			);
			sourceTree = "<group>";
		};
		C6C4F9291C56D14A00E00946 /* Products */ = {
			isa = PBXGroup;
			children = (
				C6C4F9281C56D14A00E00946 /* Cinema.app */,
			);
			name = Products;
			sourceTree = "<group>";
		};
		C6C4F92A1C56D14A00E00946 /* Cinema */ = {
			isa = PBXGroup;
			children = (
				C6C4F93D1C56DA9800E00946 /* Controller */,
				C6C4F93E1C56DA9800E00946 /* Model */,
				C6C4F93F1C56DA9800E00946 /* View */,
				C6C4F92B1C56D14A00E00946 /* AppDelegate.swift */,
				C6C4F92D1C56D14A00E00946 /* ViewController.swift */,
				C6C4F92F1C56D14A00E00946 /* Main.storyboard */,
				C6C4F9321C56D14A00E00946 /* Assets.xcassets */,
				C6C4F9341C56D14A00E00946 /* LaunchScreen.storyboard */,
				C6C4F9371C56D14A00E00946 /* Info.plist */,
			);
			path = Cinema;
			sourceTree = "<group>";
		};
		C6C4F93D1C56DA9800E00946 /* Controller */ = {
			isa = PBXGroup;
			children = (
			);
			path = Controller;
			sourceTree = "<group>";
		};
		C6C4F93E1C56DA9800E00946 /* Model */ = {
			isa = PBXGroup;
			children = (
			);
			path = Model;
			sourceTree = "<group>";
		};
		C6C4F93F1C56DA9800E00946 /* View */ = {
			isa = PBXGroup;
			children = (
			);
			path = View;
			sourceTree = "<group>";
		};
/* End PBXGroup section */

/* Begin PBXNativeTarget section */
		C6C4F9271C56D14A00E00946 /* Cinema */ = {
			isa = PBXNativeTarget;
			buildConfigurationList = C6C4F93A1C56D14A00E00946 /* Build configuration list for PBXNativeTarget "Cinema" */;
			buildPhases = (
				C6C4F9241C56D14A00E00946 /* Sources */,
				C6C4F9251C56D14A00E00946 /* Frameworks */,
				C6C4F9261C56D14A00E00946 /* Resources */,
			);
			buildRules = (
			);
			dependencies = (
			);
			name = Cinema;
			productName = Cinema;
			productReference = C6C4F9281C56D14A00E00946 /* Cinema.app */;
			productType = "com.apple.product-type.application";
		};
/* End PBXNativeTarget section */

/* Begin PBXProject section */
		C6C4F9201C56D14A00E00946 /* Project object */ = {
			isa = PBXProject;
			attributes = {
				LastUpgradeCheck = 0700;
				ORGANIZATIONNAME = "Torres Interactive";
				TargetAttributes = {
					C6C4F9271C56D14A00E00946 = {
						CreatedOnToolsVersion = 7.0;
						DevelopmentTeam = M2J6A8FSNM;
					};
				};
			};
			buildConfigurationList = C6C4F9231C56D14A00E00946 /* Build configuration list for PBXProject "Cinema" */;
			compatibilityVersion = "Xcode 3.2";
			developmentRegion = English;
			hasScannedForEncodings = 0;
			knownRegions = (
				en,
				Base,
			);
			mainGroup = C6C4F91F1C56D14A00E00946;
			productRefGroup = C6C4F9291C56D14A00E00946 /* Products */;
			projectDirPath = "";
			projectRoot = "";
			targets = (
				C6C4F9271C56D14A00E00946 /* Cinema */,
			);
		};
/* End PBXProject section */

/* Begin PBXResourcesBuildPhase section */
		C6C4F9261C56D14A00E00946 /* Resources */ = {
			isa = PBXResourcesBuildPhase;
			buildActionMask = 2147483647;
			files = (
				C6C4F9361C56D14A00E00946 /* LaunchScreen.storyboard in Resources */,
				C6C4F9331C56D14A00E00946 /* Assets.xcassets in Resources */,
				C6C4F9311C56D14A00E00946 /* Main.storyboard in Resources */,
			);
			runOnlyForDeploymentPostprocessing = 0;
		};
/* End PBXResourcesBuildPhase section */

/* Begin PBXSourcesBuildPhase section */
		C6C4F9241C56D14A00E00946 /* Sources */ = {
			isa = PBXSourcesBuildPhase;
			buildActionMask = 2147483647;
			files = (
				C6C4F92E1C56D14A00E00946 /* ViewController.swift in Sources */,
				C6C4F92C1C56D14A00E00946 /* AppDelegate.swift in Sources */,
			);
			runOnlyForDeploymentPostprocessing = 0;
		};
/* End PBXSourcesBuildPhase section */

/* Begin PBXVariantGroup section */
		C6C4F92F1C56D14A00E00946 /* Main.storyboard */ = {
			isa = PBXVariantGroup;
			children = (
				C6C4F9301C56D14A00E00946 /* Base */,
			);
			name = Main.storyboard;
			sourceTree = "<group>";
		};
		C6C4F9341C56D14A00E00946 /* LaunchScreen.storyboard */ = {
			isa = PBXVariantGroup;
			children = (
				C6C4F9351C56D14A00E00946 /* Base */,
			);
			name = LaunchScreen.storyboard;
			sourceTree = "<group>";
		};
/* End PBXVariantGroup section */

/* Begin XCBuildConfiguration section */
		C6C4F9381C56D14A00E00946 /* Debug */ = {
			isa = XCBuildConfiguration;
			buildSettings = {
				ALWAYS_SEARCH_USER_PATHS = NO;
				CLANG_CXX_LANGUAGE_STANDARD = "gnu++0x";
				CLANG_CXX_LIBRARY = "libc++";
				CLANG_ENABLE_MODULES = YES;
				CLANG_ENABLE_OBJC_ARC = YES;
				CLANG_WARN_BOOL_CONVERSION = YES;
				CLANG_WARN_CONSTANT_CONVERSION = YES;
				CLANG_WARN_DIRECT_OBJC_ISA_USAGE = YES_ERROR;
				CLANG_WARN_EMPTY_BODY = YES;
				CLANG_WARN_ENUM_CONVERSION = YES;
				CLANG_WARN_INT_CONVERSION = YES;
				CLANG_WARN_OBJC_ROOT_CLASS = YES_ERROR;
				CLANG_WARN_UNREACHABLE_CODE = YES;
				CLANG_WARN__DUPLICATE_METHOD_MATCH = YES;
				"CODE_SIGN_IDENTITY[sdk=iphoneos*]" = "iPhone Developer";
				COPY_PHASE_STRIP = NO;
				DEBUG_INFORMATION_FORMAT = dwarf;
				ENABLE_STRICT_OBJC_MSGSEND = YES;
				ENABLE_TESTABILITY = YES;
				GCC_C_LANGUAGE_STANDARD = gnu99;
				GCC_DYNAMIC_NO_PIC = NO;
				GCC_NO_COMMON_BLOCKS = YES;
				GCC_OPTIMIZATION_LEVEL = 0;
				GCC_PREPROCESSOR_DEFINITIONS = (
					"DEBUG=1",
					"$(inherited)",
				);
				GCC_WARN_64_TO_32_BIT_CONVERSION = YES;
				GCC_WARN_ABOUT_RETURN_TYPE = YES_ERROR;
				GCC_WARN_UNDECLARED_SELECTOR = YES;
				GCC_WARN_UNINITIALIZED_AUTOS = YES_AGGRESSIVE;
				GCC_WARN_UNUSED_FUNCTION = YES;
				GCC_WARN_UNUSED_VARIABLE = YES;
				IPHONEOS_DEPLOYMENT_TARGET = 9.0;
				MTL_ENABLE_DEBUG_INFO = YES;
				ONLY_ACTIVE_ARCH = YES;
				SDKROOT = iphoneos;
				SWIFT_OPTIMIZATION_LEVEL = "-Onone";
			};
			name = Debug;
		};
		C6C4F9391C56D14A00E00946 /* Release */ = {
			isa = XCBuildConfiguration;
			buildSettings = {
				ALWAYS_SEARCH_USER_PATHS = NO;
				CLANG_CXX_LANGUAGE_STANDARD = "gnu++0x";
				CLANG_CXX_LIBRARY = "libc++";
				CLANG_ENABLE_MODULES = YES;
				CLANG_ENABLE_OBJC_ARC = YES;
				CLANG_WARN_BOOL_CONVERSION = YES;
				CLANG_WARN_CONSTANT_CONVERSION = YES;
				CLANG_WARN_DIRECT_OBJC_ISA_USAGE = YES_ERROR;
				CLANG_WARN_EMPTY_BODY = YES;
				CLANG_WARN_ENUM_CONVERSION = YES;
				CLANG_WARN_INT_CONVERSION = YES;
				CLANG_WARN_OBJC_ROOT_CLASS = YES_ERROR;
				CLANG_WARN_UNREACHABLE_CODE = YES;
				CLANG_WARN__DUPLICATE_METHOD_MATCH = YES;
				"CODE_SIGN_IDENTITY[sdk=iphoneos*]" = "iPhone Developer";
				COPY_PHASE_STRIP = NO;
				DEBUG_INFORMATION_FORMAT = "dwarf-with-dsym";
				ENABLE_NS_ASSERTIONS = NO;
				ENABLE_STRICT_OBJC_MSGSEND = YES;
				GCC_C_LANGUAGE_STANDARD = gnu99;
				GCC_NO_COMMON_BLOCKS = YES;
				GCC_WARN_64_TO_32_BIT_CONVERSION = YES;
				GCC_WARN_ABOUT_RETURN_TYPE = YES_ERROR;
				GCC_WARN_UNDECLARED_SELECTOR = YES;
				GCC_WARN_UNINITIALIZED_AUTOS = YES_AGGRESSIVE;
				GCC_WARN_UNUSED_FUNCTION = YES;
				GCC_WARN_UNUSED_VARIABLE = YES;
				IPHONEOS_DEPLOYMENT_TARGET = 9.0;
				MTL_ENABLE_DEBUG_INFO = NO;
				SDKROOT = iphoneos;
				VALIDATE_PRODUCT = YES;
			};
			name = Release;
		};
		C6C4F93B1C56D14A00E00946 /* Debug */ = {
			isa = XCBuildConfiguration;
			buildSettings = {
				ASSETCATALOG_COMPILER_APPICON_NAME = AppIcon;
				CODE_SIGN_IDENTITY = "iPhone Developer";
				"CODE_SIGN_IDENTITY[sdk=iphoneos*]" = "iPhone Developer";
				INFOPLIST_FILE = Cinema/Info.plist;
				LD_RUNPATH_SEARCH_PATHS = "$(inherited) @executable_path/Frameworks";
				PRODUCT_BUNDLE_IDENTIFIER = com.torresInteractive.Cinema;
				PRODUCT_NAME = "$(TARGET_NAME)";
				PROVISIONING_PROFILE = "";
			};
			name = Debug;
		};
		C6C4F93C1C56D14A00E00946 /* Release */ = {
			isa = XCBuildConfiguration;
			buildSettings = {
				ASSETCATALOG_COMPILER_APPICON_NAME = AppIcon;
				CODE_SIGN_IDENTITY = "iPhone Developer";
				"CODE_SIGN_IDENTITY[sdk=iphoneos*]" = "iPhone Developer";
				INFOPLIST_FILE = Cinema/Info.plist;
				LD_RUNPATH_SEARCH_PATHS = "$(inherited) @executable_path/Frameworks";
				PRODUCT_BUNDLE_IDENTIFIER = com.torresInteractive.Cinema;
				PRODUCT_NAME = "$(TARGET_NAME)";
				PROVISIONING_PROFILE = "";
			};
			name = Release;
		};
/* End XCBuildConfiguration section */

/* Begin XCConfigurationList section */
		C6C4F9231C56D14A00E00946 /* Build configuration list for PBXProject "Cinema" */ = {
			isa = XCConfigurationList;
			buildConfigurations = (
				C6C4F9381C56D14A00E00946 /* Debug */,
				C6C4F9391C56D14A00E00946 /* Release */,
			);
			defaultConfigurationIsVisible = 0;
			defaultConfigurationName = Release;
		};
		C6C4F93A1C56D14A00E00946 /* Build configuration list for PBXNativeTarget "Cinema" */ = {
			isa = XCConfigurationList;
			buildConfigurations = (
				C6C4F93B1C56D14A00E00946 /* Debug */,
				C6C4F93C1C56D14A00E00946 /* Release */,
			);
			defaultConfigurationIsVisible = 0;
		};
/* End XCConfigurationList section */
	};
	rootObject = C6C4F9201C56D14A00E00946 /* Project object */;
}
